
Microsoft Visual Studio Solution File, Format Version 12.00
# Visual Studio Version 16
VisualStudioVersion = 16.0.30104.148
MinimumVisualStudioVersion = 10.0.40219.1
Project("{9A19103F-16F7-4668-BE54-9A1E7A4F7556}") = "Effex", "Effex\Effex.csproj", "{4150A7FF-14CE-4CB5-97DC-D31747460DB1}"
EndProject
Project("{840C416C-B8F3-42BC-B0DD-F6BB14C9F8CB}") = "EffexSetup", "EffexSetup\EffexSetup.aiproj", "{328E289A-4A49-4442-9698-2C337D3F80B8}"
EndProject
Global
	GlobalSection(SolutionConfigurationPlatforms) = preSolution
		All|Any CPU = All|Any CPU
		Debug|Any CPU = Debug|Any CPU
		Release|Any CPU = Release|Any CPU
	EndGlobalSection
	GlobalSection(ProjectConfigurationPlatforms) = postSolution
		{4150A7FF-14CE-4CB5-97DC-D31747460DB1}.All|Any CPU.ActiveCfg = Release|Any CPU
		{4150A7FF-14CE-4CB5-97DC-D31747460DB1}.All|Any CPU.Build.0 = Release|Any CPU
		{4150A7FF-14CE-4CB5-97DC-D31747460DB1}.Debug|Any CPU.ActiveCfg = Debug|Any CPU
		{4150A7FF-14CE-4CB5-97DC-D31747460DB1}.Debug|Any CPU.Build.0 = Debug|Any CPU
		{4150A7FF-14CE-4CB5-97DC-D31747460DB1}.Release|Any CPU.ActiveCfg = Release|Any CPU
		{4150A7FF-14CE-4CB5-97DC-D31747460DB1}.Release|Any CPU.Build.0 = Release|Any CPU
		{328E289A-4A49-4442-9698-2C337D3F80B8}.All|Any CPU.ActiveCfg = DefaultBuild
		{328E289A-4A49-4442-9698-2C337D3F80B8}.Debug|Any CPU.ActiveCfg = DefaultBuild
		{328E289A-4A49-4442-9698-2C337D3F80B8}.Release|Any CPU.ActiveCfg = DefaultBuild
	EndGlobalSection
	GlobalSection(SolutionProperties) = preSolution
		HideSolutionNode = FALSE
	EndGlobalSection
	GlobalSection(ExtensibilityGlobals) = postSolution
		SolutionGuid = {8BDAA099-7B57-47CB-B639-BBE541BBB869}
	EndGlobalSection
EndGlobal
